
Microsoft Visual Studio Solution File, Format Version 12.00
# Visual Studio Version 17
VisualStudioVersion = 17.0.31903.59
MinimumVisualStudioVersion = 10.0.40219.1
Project("{FAE04EC0-301F-11D3-BF4B-00C04F79EFBC}") = "PrimeService", "PrimeService\PrimeService.csproj", "{DBF46BB4-73EE-47C5-9A4A-D9518C811C56}"
EndProject
Project("{FAE04EC0-301F-11D3-BF4B-00C04F79EFBC}") = "PrimeService.Tests", "PrimeService.Tests\PrimeService.Tests.csproj", "{DF419F9D-7113-474B-8ED5-492D33E9894C}"
EndProject
Global
	GlobalSection(SolutionConfigurationPlatforms) = preSolution
		Debug|Any CPU = Debug|Any CPU
		Release|Any CPU = Release|Any CPU
	EndGlobalSection
	GlobalSection(SolutionProperties) = preSolution
		HideSolutionNode = FALSE
	EndGlobalSection
	GlobalSection(ProjectConfigurationPlatforms) = postSolution
		{DBF46BB4-73EE-47C5-9A4A-D9518C811C56}.Debug|Any CPU.ActiveCfg = Debug|Any CPU
		{DBF46BB4-73EE-47C5-9A4A-D9518C811C56}.Debug|Any CPU.Build.0 = Debug|Any CPU
		{DBF46BB4-73EE-47C5-9A4A-D9518C811C56}.Release|Any CPU.ActiveCfg = Release|Any CPU
		{DBF46BB4-73EE-47C5-9A4A-D9518C811C56}.Release|Any CPU.Build.0 = Release|Any CPU
		{DF419F9D-7113-474B-8ED5-492D33E9894C}.Debug|Any CPU.ActiveCfg = Debug|Any CPU
		{DF419F9D-7113-474B-8ED5-492D33E9894C}.Debug|Any CPU.Build.0 = Debug|Any CPU
		{DF419F9D-7113-474B-8ED5-492D33E9894C}.Release|Any CPU.ActiveCfg = Release|Any CPU
		{DF419F9D-7113-474B-8ED5-492D33E9894C}.Release|Any CPU.Build.0 = Release|Any CPU
	EndGlobalSection
EndGlobal
